
Microsoft Visual Studio Solution File, Format Version 12.00
# Visual Studio Version 16
VisualStudioVersion = 16.0.29306.81
MinimumVisualStudioVersion = 10.0.40219.1
Project("{FAE04EC0-301F-11D3-BF4B-00C04F79EFBC}") = "Github", "Github.csproj", "{EE926297-F189-468E-AA28-051A29D6216D}"
EndProject
Global
	GlobalSection(SolutionConfigurationPlatforms) = preSolution
		Debug|Any CPU = Debug|Any CPU
		Release|Any CPU = Release|Any CPU
	EndGlobalSection
	GlobalSection(ProjectConfigurationPlatforms) = postSolution
		{EE926297-F189-468E-AA28-051A29D6216D}.Debug|Any CPU.ActiveCfg = Debug|Any CPU
		{EE926297-F189-468E-AA28-051A29D6216D}.Debug|Any CPU.Build.0 = Debug|Any CPU
		{EE926297-F189-468E-AA28-051A29D6216D}.Release|Any CPU.ActiveCfg = Release|Any CPU
		{EE926297-F189-468E-AA28-051A29D6216D}.Release|Any CPU.Build.0 = Release|Any CPU
	EndGlobalSection
	GlobalSection(SolutionProperties) = preSolution
		HideSolutionNode = FALSE
	EndGlobalSection
	GlobalSection(ExtensibilityGlobals) = postSolution
		SolutionGuid = {4FB1E9D5-5BB2-435A-8480-C75371B475C2}
	EndGlobalSection
EndGlobal
